
Microsoft Visual Studio Solution File, Format Version 12.00
# Visual Studio 15
VisualStudioVersion = 15.0.27703.2035
MinimumVisualStudioVersion = 10.0.40219.1
Project("{FAE04EC0-301F-11D3-BF4B-00C04F79EFBC}") = "TransportsCommunCSharp", "TransportsCommunCSharp\TransportsCommunCSharp.csproj", "{625550D8-3E7F-4BB5-B738-C157226F1B50}"
EndProject
Project("{FAE04EC0-301F-11D3-BF4B-00C04F79EFBC}") = "UnitTestTransportsCommuns", "UnitTestTransportsCommuns\UnitTestTransportsCommuns.csproj", "{8787EF1E-C754-4F4E-ADB5-05F6AC3168A0}"
EndProject
Project("{FAE04EC0-301F-11D3-BF4B-00C04F79EFBC}") = "MyLibrary", "MyLibrary\MyLibrary.csproj", "{2C653780-E51C-4855-A868-865C844FF4A7}"
EndProject
Project("{FAE04EC0-301F-11D3-BF4B-00C04F79EFBC}") = "WpfTransports", "WpfTransports\WpfTransports.csproj", "{9CD98FFD-03AE-465C-860B-FE1CA9E0D6F5}"
EndProject
Global
	GlobalSection(SolutionConfigurationPlatforms) = preSolution
		Debug|Any CPU = Debug|Any CPU
		Release|Any CPU = Release|Any CPU
	EndGlobalSection
	GlobalSection(ProjectConfigurationPlatforms) = postSolution
		{625550D8-3E7F-4BB5-B738-C157226F1B50}.Debug|Any CPU.ActiveCfg = Debug|Any CPU
		{625550D8-3E7F-4BB5-B738-C157226F1B50}.Debug|Any CPU.Build.0 = Debug|Any CPU
		{625550D8-3E7F-4BB5-B738-C157226F1B50}.Release|Any CPU.ActiveCfg = Release|Any CPU
		{625550D8-3E7F-4BB5-B738-C157226F1B50}.Release|Any CPU.Build.0 = Release|Any CPU
		{8787EF1E-C754-4F4E-ADB5-05F6AC3168A0}.Debug|Any CPU.ActiveCfg = Debug|Any CPU
		{8787EF1E-C754-4F4E-ADB5-05F6AC3168A0}.Debug|Any CPU.Build.0 = Debug|Any CPU
		{8787EF1E-C754-4F4E-ADB5-05F6AC3168A0}.Release|Any CPU.ActiveCfg = Release|Any CPU
		{8787EF1E-C754-4F4E-ADB5-05F6AC3168A0}.Release|Any CPU.Build.0 = Release|Any CPU
		{2C653780-E51C-4855-A868-865C844FF4A7}.Debug|Any CPU.ActiveCfg = Debug|Any CPU
		{2C653780-E51C-4855-A868-865C844FF4A7}.Debug|Any CPU.Build.0 = Debug|Any CPU
		{2C653780-E51C-4855-A868-865C844FF4A7}.Release|Any CPU.ActiveCfg = Release|Any CPU
		{2C653780-E51C-4855-A868-865C844FF4A7}.Release|Any CPU.Build.0 = Release|Any CPU
		{9CD98FFD-03AE-465C-860B-FE1CA9E0D6F5}.Debug|Any CPU.ActiveCfg = Debug|Any CPU
		{9CD98FFD-03AE-465C-860B-FE1CA9E0D6F5}.Debug|Any CPU.Build.0 = Debug|Any CPU
		{9CD98FFD-03AE-465C-860B-FE1CA9E0D6F5}.Release|Any CPU.ActiveCfg = Release|Any CPU
		{9CD98FFD-03AE-465C-860B-FE1CA9E0D6F5}.Release|Any CPU.Build.0 = Release|Any CPU
	EndGlobalSection
	GlobalSection(SolutionProperties) = preSolution
		HideSolutionNode = FALSE
	EndGlobalSection
	GlobalSection(ExtensibilityGlobals) = postSolution
		SolutionGuid = {C4C38415-D81A-46BE-83D5-6A24EF8DD5B6}
	EndGlobalSection
EndGlobal
